
Microsoft Visual Studio Solution File, Format Version 12.00
# Visual Studio Version 17
VisualStudioVersion = 17.10.35122.118
MinimumVisualStudioVersion = 10.0.40219.1
Project("{2150E333-8FDC-42A3-9474-1A3956D46DE8}") = "Business", "Business", "{94F52378-B422-41BD-A62C-F8C686608BF9}"
EndProject
Project("{2150E333-8FDC-42A3-9474-1A3956D46DE8}") = "Service", "Service", "{B4316B5C-CF2A-4C88-BF6D-0C79A86830DB}"
EndProject
Project("{2150E333-8FDC-42A3-9474-1A3956D46DE8}") = "Api", "Api", "{4C0352F7-BA79-413F-A33E-05AD3BF1C474}"
EndProject
Project("{9A19103F-16F7-4668-BE54-9A1E7A4F7556}") = "Api", "Service\Api\Api\Api.csproj", "{D264253C-BCE3-4D12-A655-B0BED1D80CC4}"
EndProject
Project("{2150E333-8FDC-42A3-9474-1A3956D46DE8}") = "Tools", "Tools", "{A434354A-2D2A-445E-BCF8-9A4EAB916EAF}"
EndProject
Project("{9A19103F-16F7-4668-BE54-9A1E7A4F7556}") = "Tools.Application", "Service\Tools\Tools.Application\Tools.Application.csproj", "{62E9FA3C-80CD-40E9-8E65-09E7544DF042}"
EndProject
Project("{2150E333-8FDC-42A3-9474-1A3956D46DE8}") = "User", "User", "{339A6DA9-7FA4-4003-9C51-F6AF09FBFACC}"
EndProject
Project("{FAE04EC0-301F-11D3-BF4B-00C04F79EFBC}") = "User.Application", "Service\User\User.Application\User.Application.csproj", "{344170A2-9035-4026-9207-D22C08F2AFC4}"
EndProject
Global
	GlobalSection(SolutionConfigurationPlatforms) = preSolution
		Debug|Any CPU = Debug|Any CPU
		Release|Any CPU = Release|Any CPU
	EndGlobalSection
	GlobalSection(ProjectConfigurationPlatforms) = postSolution
		{D264253C-BCE3-4D12-A655-B0BED1D80CC4}.Debug|Any CPU.ActiveCfg = Debug|Any CPU
		{D264253C-BCE3-4D12-A655-B0BED1D80CC4}.Debug|Any CPU.Build.0 = Debug|Any CPU
		{D264253C-BCE3-4D12-A655-B0BED1D80CC4}.Release|Any CPU.ActiveCfg = Release|Any CPU
		{D264253C-BCE3-4D12-A655-B0BED1D80CC4}.Release|Any CPU.Build.0 = Release|Any CPU
		{62E9FA3C-80CD-40E9-8E65-09E7544DF042}.Debug|Any CPU.ActiveCfg = Debug|Any CPU
		{62E9FA3C-80CD-40E9-8E65-09E7544DF042}.Debug|Any CPU.Build.0 = Debug|Any CPU
		{62E9FA3C-80CD-40E9-8E65-09E7544DF042}.Release|Any CPU.ActiveCfg = Release|Any CPU
		{62E9FA3C-80CD-40E9-8E65-09E7544DF042}.Release|Any CPU.Build.0 = Release|Any CPU
		{344170A2-9035-4026-9207-D22C08F2AFC4}.Debug|Any CPU.ActiveCfg = Debug|Any CPU
		{344170A2-9035-4026-9207-D22C08F2AFC4}.Debug|Any CPU.Build.0 = Debug|Any CPU
		{344170A2-9035-4026-9207-D22C08F2AFC4}.Release|Any CPU.ActiveCfg = Release|Any CPU
		{344170A2-9035-4026-9207-D22C08F2AFC4}.Release|Any CPU.Build.0 = Release|Any CPU
	EndGlobalSection
	GlobalSection(SolutionProperties) = preSolution
		HideSolutionNode = FALSE
	EndGlobalSection
	GlobalSection(NestedProjects) = preSolution
		{4C0352F7-BA79-413F-A33E-05AD3BF1C474} = {B4316B5C-CF2A-4C88-BF6D-0C79A86830DB}
		{D264253C-BCE3-4D12-A655-B0BED1D80CC4} = {4C0352F7-BA79-413F-A33E-05AD3BF1C474}
		{A434354A-2D2A-445E-BCF8-9A4EAB916EAF} = {B4316B5C-CF2A-4C88-BF6D-0C79A86830DB}
		{62E9FA3C-80CD-40E9-8E65-09E7544DF042} = {A434354A-2D2A-445E-BCF8-9A4EAB916EAF}
		{339A6DA9-7FA4-4003-9C51-F6AF09FBFACC} = {B4316B5C-CF2A-4C88-BF6D-0C79A86830DB}
		{344170A2-9035-4026-9207-D22C08F2AFC4} = {339A6DA9-7FA4-4003-9C51-F6AF09FBFACC}
	EndGlobalSection
	GlobalSection(ExtensibilityGlobals) = postSolution
		SolutionGuid = {C16E1BC1-F3EF-4919-9C80-440A873CAB46}
	EndGlobalSection
EndGlobal
